
Microsoft Visual Studio Solution File, Format Version 12.00
# Visual Studio 15
VisualStudioVersion = 15.0.28010.2026
MinimumVisualStudioVersion = 10.0.40219.1
Project("{FAE04EC0-301F-11D3-BF4B-00C04F79EFBC}") = "Fractals", "Fractals.csproj", "{9BAED7B8-0F5C-4C34-93C9-BADA38E3B316}"
EndProject
Global
	GlobalSection(SolutionConfigurationPlatforms) = preSolution
		Debug|Any CPU = Debug|Any CPU
		Release|Any CPU = Release|Any CPU
	EndGlobalSection
	GlobalSection(ProjectConfigurationPlatforms) = postSolution
		{9BAED7B8-0F5C-4C34-93C9-BADA38E3B316}.Debug|Any CPU.ActiveCfg = Debug|Any CPU
		{9BAED7B8-0F5C-4C34-93C9-BADA38E3B316}.Debug|Any CPU.Build.0 = Debug|Any CPU
		{9BAED7B8-0F5C-4C34-93C9-BADA38E3B316}.Release|Any CPU.ActiveCfg = Release|Any CPU
		{9BAED7B8-0F5C-4C34-93C9-BADA38E3B316}.Release|Any CPU.Build.0 = Release|Any CPU
	EndGlobalSection
	GlobalSection(SolutionProperties) = preSolution
		HideSolutionNode = FALSE
	EndGlobalSection
	GlobalSection(ExtensibilityGlobals) = postSolution
		SolutionGuid = {4D8CB647-0361-4932-B8F7-68DAC105BFDF}
	EndGlobalSection
EndGlobal
